// !$*UTF8*$!
{
	archiveVersion = 1;
	classes = {
	};
	objectVersion = 56;
	objects = {

/* Begin PBXBuildFile section */
		0A1BF57D2AB29D680039CD75 /* Home.swift in Sources */ = {isa = PBXBuildFile; fileRef = 0A1BF57C2AB29D680039CD75 /* Home.swift */; };
		0AF362F62AB295D2003102C4 /* FirebaseEmailLoginApp.swift in Sources */ = {isa = PBXBuildFile; fileRef = 0AF362F52AB295D2003102C4 /* FirebaseEmailLoginApp.swift */; };
		0AF362F82AB295D2003102C4 /* ContentView.swift in Sources */ = {isa = PBXBuildFile; fileRef = 0AF362F72AB295D2003102C4 /* ContentView.swift */; };
		0AF362FA2AB295D8003102C4 /* Assets.xcassets in Resources */ = {isa = PBXBuildFile; fileRef = 0AF362F92AB295D8003102C4 /* Assets.xcassets */; };
		0AF362FD2AB295D8003102C4 /* Preview Assets.xcassets in Resources */ = {isa = PBXBuildFile; fileRef = 0AF362FC2AB295D8003102C4 /* Preview Assets.xcassets */; };
		0AF363042AB296A4003102C4 /* GoogleService-Info.plist in Resources */ = {isa = PBXBuildFile; fileRef = 0AF363032AB296A3003102C4 /* GoogleService-Info.plist */; };
		0AF363072AB296F5003102C4 /* FirebaseAnalytics in Frameworks */ = {isa = PBXBuildFile; productRef = 0AF363062AB296F5003102C4 /* FirebaseAnalytics */; };
		0AF363092AB296F5003102C4 /* FirebaseAnalyticsOnDeviceConversion in Frameworks */ = {isa = PBXBuildFile; productRef = 0AF363082AB296F5003102C4 /* FirebaseAnalyticsOnDeviceConversion */; };
		0AF3630B2AB296F5003102C4 /* FirebaseAnalyticsSwift in Frameworks */ = {isa = PBXBuildFile; productRef = 0AF3630A2AB296F5003102C4 /* FirebaseAnalyticsSwift */; };
		0AF3630D2AB296F5003102C4 /* FirebaseAnalyticsWithoutAdIdSupport in Frameworks */ = {isa = PBXBuildFile; productRef = 0AF3630C2AB296F5003102C4 /* FirebaseAnalyticsWithoutAdIdSupport */; };
		0AF3630F2AB296F5003102C4 /* FirebaseAppCheck in Frameworks */ = {isa = PBXBuildFile; productRef = 0AF3630E2AB296F5003102C4 /* FirebaseAppCheck */; };
		0AF363112AB296F5003102C4 /* FirebaseAppDistribution-Beta in Frameworks */ = {isa = PBXBuildFile; productRef = 0AF363102AB296F5003102C4 /* FirebaseAppDistribution-Beta */; };
		0AF363132AB296F5003102C4 /* FirebaseAuth in Frameworks */ = {isa = PBXBuildFile; productRef = 0AF363122AB296F5003102C4 /* FirebaseAuth */; };
		0AF363162AB29763003102C4 /* Login.swift in Sources */ = {isa = PBXBuildFile; fileRef = 0AF363152AB29763003102C4 /* Login.swift */; };
		0AF363182AB297A3003102C4 /* SignUp.swift in Sources */ = {isa = PBXBuildFile; fileRef = 0AF363172AB297A3003102C4 /* SignUp.swift */; };
		0AF3631A2AB297D7003102C4 /* PasswordResetView.swift in Sources */ = {isa = PBXBuildFile; fileRef = 0AF363192AB297D7003102C4 /* PasswordResetView.swift */; };
/* End PBXBuildFile section */

/* Begin PBXFileReference section */
		0A1BF57C2AB29D680039CD75 /* Home.swift */ = {isa = PBXFileReference; lastKnownFileType = sourcecode.swift; path = Home.swift; sourceTree = "<group>"; };
		0AF362F22AB295D2003102C4 /* FirebaseEmailLogin.app */ = {isa = PBXFileReference; explicitFileType = wrapper.application; includeInIndex = 0; path = FirebaseEmailLogin.app; sourceTree = BUILT_PRODUCTS_DIR; };
		0AF362F52AB295D2003102C4 /* FirebaseEmailLoginApp.swift */ = {isa = PBXFileReference; lastKnownFileType = sourcecode.swift; path = FirebaseEmailLoginApp.swift; sourceTree = "<group>"; };
		0AF362F72AB295D2003102C4 /* ContentView.swift */ = {isa = PBXFileReference; lastKnownFileType = sourcecode.swift; path = ContentView.swift; sourceTree = "<group>"; };
		0AF362F92AB295D8003102C4 /* Assets.xcassets */ = {isa = PBXFileReference; lastKnownFileType = folder.assetcatalog; path = Assets.xcassets; sourceTree = "<group>"; };
		0AF362FC2AB295D8003102C4 /* Preview Assets.xcassets */ = {isa = PBXFileReference; lastKnownFileType = folder.assetcatalog; path = "Preview Assets.xcassets"; sourceTree = "<group>"; };
		0AF363032AB296A3003102C4 /* GoogleService-Info.plist */ = {isa = PBXFileReference; fileEncoding = 4; lastKnownFileType = text.plist.xml; path = "GoogleService-Info.plist"; sourceTree = "<group>"; };
		0AF363152AB29763003102C4 /* Login.swift */ = {isa = PBXFileReference; lastKnownFileType = sourcecode.swift; path = Login.swift; sourceTree = "<group>"; };
		0AF363172AB297A3003102C4 /* SignUp.swift */ = {isa = PBXFileReference; lastKnownFileType = sourcecode.swift; path = SignUp.swift; sourceTree = "<group>"; };
		0AF363192AB297D7003102C4 /* PasswordResetView.swift */ = {isa = PBXFileReference; lastKnownFileType = sourcecode.swift; path = PasswordResetView.swift; sourceTree = "<group>"; };
/* End PBXFileReference section */

/* Begin PBXFrameworksBuildPhase section */
		0AF362EF2AB295D2003102C4 /* Frameworks */ = {
			isa = PBXFrameworksBuildPhase;
			buildActionMask = 2147483647;
			files = (
				0AF3630B2AB296F5003102C4 /* FirebaseAnalyticsSwift in Frameworks */,
				0AF363072AB296F5003102C4 /* FirebaseAnalytics in Frameworks */,
				0AF363092AB296F5003102C4 /* FirebaseAnalyticsOnDeviceConversion in Frameworks */,
				0AF3630F2AB296F5003102C4 /* FirebaseAppCheck in Frameworks */,
				0AF3630D2AB296F5003102C4 /* FirebaseAnalyticsWithoutAdIdSupport in Frameworks */,
				0AF363132AB296F5003102C4 /* FirebaseAuth in Frameworks */,
				0AF363112AB296F5003102C4 /* FirebaseAppDistribution-Beta in Frameworks */,
			);
			runOnlyForDeploymentPostprocessing = 0;
		};
/* End PBXFrameworksBuildPhase section */

/* Begin PBXGroup section */
		0AF362E92AB295D2003102C4 = {
			isa = PBXGroup;
			children = (
				0AF362F42AB295D2003102C4 /* FirebaseEmailLogin */,
				0AF362F32AB295D2003102C4 /* Products */,
			);
			sourceTree = "<group>";
		};
		0AF362F32AB295D2003102C4 /* Products */ = {
			isa = PBXGroup;
			children = (
				0AF362F22AB295D2003102C4 /* FirebaseEmailLogin.app */,
			);
			name = Products;
			sourceTree = "<group>";
		};
		0AF362F42AB295D2003102C4 /* FirebaseEmailLogin */ = {
			isa = PBXGroup;
			children = (
				0AF363142AB29758003102C4 /* View */,
				0AF363032AB296A3003102C4 /* GoogleService-Info.plist */,
				0AF362F52AB295D2003102C4 /* FirebaseEmailLoginApp.swift */,
				0AF362F72AB295D2003102C4 /* ContentView.swift */,
				0AF362F92AB295D8003102C4 /* Assets.xcassets */,
				0AF362FB2AB295D8003102C4 /* Preview Content */,
			);
			path = FirebaseEmailLogin;
			sourceTree = "<group>";
		};
		0AF362FB2AB295D8003102C4 /* Preview Content */ = {
			isa = PBXGroup;
			children = (
				0AF362FC2AB295D8003102C4 /* Preview Assets.xcassets */,
			);
			path = "Preview Content";
			sourceTree = "<group>";
		};
		0AF363142AB29758003102C4 /* View */ = {
			isa = PBXGroup;
			children = (
				0AF363152AB29763003102C4 /* Login.swift */,
				0AF363172AB297A3003102C4 /* SignUp.swift */,
				0AF363192AB297D7003102C4 /* PasswordResetView.swift */,
				0A1BF57C2AB29D680039CD75 /* Home.swift */,
			);
			path = View;
			sourceTree = "<group>";
		};
/* End PBXGroup section */

/* Begin PBXNativeTarget section */
		0AF362F12AB295D2003102C4 /* FirebaseEmailLogin */ = {
			isa = PBXNativeTarget;
			buildConfigurationList = 0AF363002AB295D8003102C4 /* Build configuration list for PBXNativeTarget "FirebaseEmailLogin" */;
			buildPhases = (
				0AF362EE2AB295D2003102C4 /* Sources */,
				0AF362EF2AB295D2003102C4 /* Frameworks */,
				0AF362F02AB295D2003102C4 /* Resources */,
			);
			buildRules = (
			);
			dependencies = (
			);
			name = FirebaseEmailLogin;
			packageProductDependencies = (
				0AF363062AB296F5003102C4 /* FirebaseAnalytics */,
				0AF363082AB296F5003102C4 /* FirebaseAnalyticsOnDeviceConversion */,
				0AF3630A2AB296F5003102C4 /* FirebaseAnalyticsSwift */,
				0AF3630C2AB296F5003102C4 /* FirebaseAnalyticsWithoutAdIdSupport */,
				0AF3630E2AB296F5003102C4 /* FirebaseAppCheck */,
				0AF363102AB296F5003102C4 /* FirebaseAppDistribution-Beta */,
				0AF363122AB296F5003102C4 /* FirebaseAuth */,
			);
			productName = FirebaseEmailLogin;
			productReference = 0AF362F22AB295D2003102C4 /* FirebaseEmailLogin.app */;
			productType = "com.apple.product-type.application";
		};
/* End PBXNativeTarget section */

/* Begin PBXProject section */
		0AF362EA2AB295D2003102C4 /* Project object */ = {
			isa = PBXProject;
			attributes = {
				BuildIndependentTargetsInParallel = 1;
				LastSwiftUpdateCheck = 1500;
				LastUpgradeCheck = 1500;
				TargetAttributes = {
					0AF362F12AB295D2003102C4 = {
						CreatedOnToolsVersion = 15.0;
					};
				};
			};
			buildConfigurationList = 0AF362ED2AB295D2003102C4 /* Build configuration list for PBXProject "FirebaseEmailLogin" */;
			compatibilityVersion = "Xcode 14.0";
			developmentRegion = en;
			hasScannedForEncodings = 0;
			knownRegions = (
				en,
				Base,
			);
			mainGroup = 0AF362E92AB295D2003102C4;
			packageReferences = (
				0AF363052AB296F5003102C4 /* XCRemoteSwiftPackageReference "firebase-ios-sdk" */,
			);
			productRefGroup = 0AF362F32AB295D2003102C4 /* Products */;
			projectDirPath = "";
			projectRoot = "";
			targets = (
				0AF362F12AB295D2003102C4 /* FirebaseEmailLogin */,
			);
		};
/* End PBXProject section */

/* Begin PBXResourcesBuildPhase section */
		0AF362F02AB295D2003102C4 /* Resources */ = {
			isa = PBXResourcesBuildPhase;
			buildActionMask = 2147483647;
			files = (
				0AF362FD2AB295D8003102C4 /* Preview Assets.xcassets in Resources */,
				0AF362FA2AB295D8003102C4 /* Assets.xcassets in Resources */,
				0AF363042AB296A4003102C4 /* GoogleService-Info.plist in Resources */,
			);
			runOnlyForDeploymentPostprocessing = 0;
		};
/* End PBXResourcesBuildPhase section */

/* Begin PBXSourcesBuildPhase section */
		0AF362EE2AB295D2003102C4 /* Sources */ = {
			isa = PBXSourcesBuildPhase;
			buildActionMask = 2147483647;
			files = (
				0AF363162AB29763003102C4 /* Login.swift in Sources */,
				0AF3631A2AB297D7003102C4 /* PasswordResetView.swift in Sources */,
				0A1BF57D2AB29D680039CD75 /* Home.swift in Sources */,
				0AF363182AB297A3003102C4 /* SignUp.swift in Sources */,
				0AF362F82AB295D2003102C4 /* ContentView.swift in Sources */,
				0AF362F62AB295D2003102C4 /* FirebaseEmailLoginApp.swift in Sources */,
			);
			runOnlyForDeploymentPostprocessing = 0;
		};
/* End PBXSourcesBuildPhase section */

/* Begin XCBuildConfiguration section */
		0AF362FE2AB295D8003102C4 /* Debug */ = {
			isa = XCBuildConfiguration;
			buildSettings = {
				ALWAYS_SEARCH_USER_PATHS = NO;
				ASSETCATALOG_COMPILER_GENERATE_SWIFT_ASSET_SYMBOL_EXTENSIONS = YES;
				CLANG_ANALYZER_NONNULL = YES;
				CLANG_ANALYZER_NUMBER_OBJECT_CONVERSION = YES_AGGRESSIVE;
				CLANG_CXX_LANGUAGE_STANDARD = "gnu++20";
				CLANG_ENABLE_MODULES = YES;
				CLANG_ENABLE_OBJC_ARC = YES;
				CLANG_ENABLE_OBJC_WEAK = YES;
				CLANG_WARN_BLOCK_CAPTURE_AUTORELEASING = YES;
				CLANG_WARN_BOOL_CONVERSION = YES;
				CLANG_WARN_COMMA = YES;
				CLANG_WARN_CONSTANT_CONVERSION = YES;
				CLANG_WARN_DEPRECATED_OBJC_IMPLEMENTATIONS = YES;
				CLANG_WARN_DIRECT_OBJC_ISA_USAGE = YES_ERROR;
				CLANG_WARN_DOCUMENTATION_COMMENTS = YES;
				CLANG_WARN_EMPTY_BODY = YES;
				CLANG_WARN_ENUM_CONVERSION = YES;
				CLANG_WARN_INFINITE_RECURSION = YES;
				CLANG_WARN_INT_CONVERSION = YES;
				CLANG_WARN_NON_LITERAL_NULL_CONVERSION = YES;
				CLANG_WARN_OBJC_IMPLICIT_RETAIN_SELF = YES;
				CLANG_WARN_OBJC_LITERAL_CONVERSION = YES;
				CLANG_WARN_OBJC_ROOT_CLASS = YES_ERROR;
				CLANG_WARN_QUOTED_INCLUDE_IN_FRAMEWORK_HEADER = YES;
				CLANG_WARN_RANGE_LOOP_ANALYSIS = YES;
				CLANG_WARN_STRICT_PROTOTYPES = YES;
				CLANG_WARN_SUSPICIOUS_MOVE = YES;
				CLANG_WARN_UNGUARDED_AVAILABILITY = YES_AGGRESSIVE;
				CLANG_WARN_UNREACHABLE_CODE = YES;
				CLANG_WARN__DUPLICATE_METHOD_MATCH = YES;
				COPY_PHASE_STRIP = NO;
				DEBUG_INFORMATION_FORMAT = dwarf;
				ENABLE_STRICT_OBJC_MSGSEND = YES;
				ENABLE_TESTABILITY = YES;
				ENABLE_USER_SCRIPT_SANDBOXING = YES;
				GCC_C_LANGUAGE_STANDARD = gnu17;
				GCC_DYNAMIC_NO_PIC = NO;
				GCC_NO_COMMON_BLOCKS = YES;
				GCC_OPTIMIZATION_LEVEL = 0;
				GCC_PREPROCESSOR_DEFINITIONS = (
					"DEBUG=1",
					"$(inherited)",
				);
				GCC_WARN_64_TO_32_BIT_CONVERSION = YES;
				GCC_WARN_ABOUT_RETURN_TYPE = YES_ERROR;
				GCC_WARN_UNDECLARED_SELECTOR = YES;
				GCC_WARN_UNINITIALIZED_AUTOS = YES_AGGRESSIVE;
				GCC_WARN_UNUSED_FUNCTION = YES;
				GCC_WARN_UNUSED_VARIABLE = YES;
				IPHONEOS_DEPLOYMENT_TARGET = 17.0;
				LOCALIZATION_PREFERS_STRING_CATALOGS = YES;
				MTL_ENABLE_DEBUG_INFO = INCLUDE_SOURCE;
				MTL_FAST_MATH = YES;
				ONLY_ACTIVE_ARCH = YES;
				SDKROOT = iphoneos;
				SWIFT_ACTIVE_COMPILATION_CONDITIONS = "DEBUG $(inherited)";
				SWIFT_OPTIMIZATION_LEVEL = "-Onone";
			};
			name = Debug;
		};
		0AF362FF2AB295D8003102C4 /* Release */ = {
			isa = XCBuildConfiguration;
			buildSettings = {
				ALWAYS_SEARCH_USER_PATHS = NO;
				ASSETCATALOG_COMPILER_GENERATE_SWIFT_ASSET_SYMBOL_EXTENSIONS = YES;
				CLANG_ANALYZER_NONNULL = YES;
				CLANG_ANALYZER_NUMBER_OBJECT_CONVERSION = YES_AGGRESSIVE;
				CLANG_CXX_LANGUAGE_STANDARD = "gnu++20";
				CLANG_ENABLE_MODULES = YES;
				CLANG_ENABLE_OBJC_ARC = YES;
				CLANG_ENABLE_OBJC_WEAK = YES;
				CLANG_WARN_BLOCK_CAPTURE_AUTORELEASING = YES;
				CLANG_WARN_BOOL_CONVERSION = YES;
				CLANG_WARN_COMMA = YES;
				CLANG_WARN_CONSTANT_CONVERSION = YES;
				CLANG_WARN_DEPRECATED_OBJC_IMPLEMENTATIONS = YES;
				CLANG_WARN_DIRECT_OBJC_ISA_USAGE = YES_ERROR;
				CLANG_WARN_DOCUMENTATION_COMMENTS = YES;
				CLANG_WARN_EMPTY_BODY = YES;
				CLANG_WARN_ENUM_CONVERSION = YES;
				CLANG_WARN_INFINITE_RECURSION = YES;
				CLANG_WARN_INT_CONVERSION = YES;
				CLANG_WARN_NON_LITERAL_NULL_CONVERSION = YES;
				CLANG_WARN_OBJC_IMPLICIT_RETAIN_SELF = YES;
				CLANG_WARN_OBJC_LITERAL_CONVERSION = YES;
				CLANG_WARN_OBJC_ROOT_CLASS = YES_ERROR;
				CLANG_WARN_QUOTED_INCLUDE_IN_FRAMEWORK_HEADER = YES;
				CLANG_WARN_RANGE_LOOP_ANALYSIS = YES;
				CLANG_WARN_STRICT_PROTOTYPES = YES;
				CLANG_WARN_SUSPICIOUS_MOVE = YES;
				CLANG_WARN_UNGUARDED_AVAILABILITY = YES_AGGRESSIVE;
				CLANG_WARN_UNREACHABLE_CODE = YES;
				CLANG_WARN__DUPLICATE_METHOD_MATCH = YES;
				COPY_PHASE_STRIP = NO;
				DEBUG_INFORMATION_FORMAT = "dwarf-with-dsym";
				ENABLE_NS_ASSERTIONS = NO;
				ENABLE_STRICT_OBJC_MSGSEND = YES;
				ENABLE_USER_SCRIPT_SANDBOXING = YES;
				GCC_C_LANGUAGE_STANDARD = gnu17;
				GCC_NO_COMMON_BLOCKS = YES;
				GCC_WARN_64_TO_32_BIT_CONVERSION = YES;
				GCC_WARN_ABOUT_RETURN_TYPE = YES_ERROR;
				GCC_WARN_UNDECLARED_SELECTOR = YES;
				GCC_WARN_UNINITIALIZED_AUTOS = YES_AGGRESSIVE;
				GCC_WARN_UNUSED_FUNCTION = YES;
				GCC_WARN_UNUSED_VARIABLE = YES;
				IPHONEOS_DEPLOYMENT_TARGET = 17.0;
				LOCALIZATION_PREFERS_STRING_CATALOGS = YES;
				MTL_ENABLE_DEBUG_INFO = NO;
				MTL_FAST_MATH = YES;
				SDKROOT = iphoneos;
				SWIFT_COMPILATION_MODE = wholemodule;
				VALIDATE_PRODUCT = YES;
			};
			name = Release;
		};
		0AF363012AB295D8003102C4 /* Debug */ = {
			isa = XCBuildConfiguration;
			buildSettings = {
				ASSETCATALOG_COMPILER_APPICON_NAME = AppIcon;
				ASSETCATALOG_COMPILER_GLOBAL_ACCENT_COLOR_NAME = AccentColor;
				CODE_SIGN_STYLE = Automatic;
				CURRENT_PROJECT_VERSION = 1;
				DEVELOPMENT_ASSET_PATHS = "\"FirebaseEmailLogin/Preview Content\"";
				DEVELOPMENT_TEAM = B4C7245FA7;
				ENABLE_PREVIEWS = YES;
				GENERATE_INFOPLIST_FILE = YES;
				INFOPLIST_KEY_NSFaceIDUsageDescription = "パスワードレスの生体認証を使用するためにFaceIDの使用を許可してください。";
				INFOPLIST_KEY_UIApplicationSceneManifest_Generation = YES;
				INFOPLIST_KEY_UIApplicationSupportsIndirectInputEvents = YES;
				INFOPLIST_KEY_UILaunchScreen_Generation = YES;
				INFOPLIST_KEY_UISupportedInterfaceOrientations_iPad = "UIInterfaceOrientationPortrait UIInterfaceOrientationPortraitUpsideDown UIInterfaceOrientationLandscapeLeft UIInterfaceOrientationLandscapeRight";
				INFOPLIST_KEY_UISupportedInterfaceOrientations_iPhone = "UIInterfaceOrientationPortrait UIInterfaceOrientationLandscapeLeft UIInterfaceOrientationLandscapeRight";
				IPHONEOS_DEPLOYMENT_TARGET = 16.4;
				LD_RUNPATH_SEARCH_PATHS = (
					"$(inherited)",
					"@executable_path/Frameworks",
				);
				MARKETING_VERSION = 1.0;
				OTHER_LDFLAGS = "-ld64";
				PRODUCT_BUNDLE_IDENTIFIER = kenmaro.FirebaseEmailLogin;
				PRODUCT_NAME = "$(TARGET_NAME)";
				SWIFT_EMIT_LOC_STRINGS = YES;
				SWIFT_VERSION = 5.0;
				TARGETED_DEVICE_FAMILY = "1,2";
			};
			name = Debug;
		};
		0AF363022AB295D8003102C4 /* Release */ = {
			isa = XCBuildConfiguration;
			buildSettings = {
				ASSETCATALOG_COMPILER_APPICON_NAME = AppIcon;
				ASSETCATALOG_COMPILER_GLOBAL_ACCENT_COLOR_NAME = AccentColor;
				CODE_SIGN_STYLE = Automatic;
				CURRENT_PROJECT_VERSION = 1;
				DEVELOPMENT_ASSET_PATHS = "\"FirebaseEmailLogin/Preview Content\"";
				DEVELOPMENT_TEAM = B4C7245FA7;
				ENABLE_PREVIEWS = YES;
				GENERATE_INFOPLIST_FILE = YES;
				INFOPLIST_KEY_NSFaceIDUsageDescription = "パスワードレスの生体認証を使用するためにFaceIDの使用を許可してください。";
				INFOPLIST_KEY_UIApplicationSceneManifest_Generation = YES;
				INFOPLIST_KEY_UIApplicationSupportsIndirectInputEvents = YES;
				INFOPLIST_KEY_UILaunchScreen_Generation = YES;
				INFOPLIST_KEY_UISupportedInterfaceOrientations_iPad = "UIInterfaceOrientationPortrait UIInterfaceOrientationPortraitUpsideDown UIInterfaceOrientationLandscapeLeft UIInterfaceOrientationLandscapeRight";
				INFOPLIST_KEY_UISupportedInterfaceOrientations_iPhone = "UIInterfaceOrientationPortrait UIInterfaceOrientationLandscapeLeft UIInterfaceOrientationLandscapeRight";
				IPHONEOS_DEPLOYMENT_TARGET = 16.4;
				LD_RUNPATH_SEARCH_PATHS = (
					"$(inherited)",
					"@executable_path/Frameworks",
				);
				MARKETING_VERSION = 1.0;
				OTHER_LDFLAGS = "-ld64";
				PRODUCT_BUNDLE_IDENTIFIER = kenmaro.FirebaseEmailLogin;
				PRODUCT_NAME = "$(TARGET_NAME)";
				SWIFT_EMIT_LOC_STRINGS = YES;
				SWIFT_VERSION = 5.0;
				TARGETED_DEVICE_FAMILY = "1,2";
			};
			name = Release;
		};
/* End XCBuildConfiguration section */

/* Begin XCConfigurationList section */
		0AF362ED2AB295D2003102C4 /* Build configuration list for PBXProject "FirebaseEmailLogin" */ = {
			isa = XCConfigurationList;
			buildConfigurations = (
				0AF362FE2AB295D8003102C4 /* Debug */,
				0AF362FF2AB295D8003102C4 /* Release */,
			);
			defaultConfigurationIsVisible = 0;
			defaultConfigurationName = Release;
		};
		0AF363002AB295D8003102C4 /* Build configuration list for PBXNativeTarget "FirebaseEmailLogin" */ = {
			isa = XCConfigurationList;
			buildConfigurations = (
				0AF363012AB295D8003102C4 /* Debug */,
				0AF363022AB295D8003102C4 /* Release */,
			);
			defaultConfigurationIsVisible = 0;
			defaultConfigurationName = Release;
		};
/* End XCConfigurationList section */

/* Begin XCRemoteSwiftPackageReference section */
		0AF363052AB296F5003102C4 /* XCRemoteSwiftPackageReference "firebase-ios-sdk" */ = {
			isa = XCRemoteSwiftPackageReference;
			repositoryURL = "https://github.com/firebase/firebase-ios-sdk";
			requirement = {
				kind = upToNextMajorVersion;
				minimumVersion = 10.15.0;
			};
		};
/* End XCRemoteSwiftPackageReference section */

/* Begin XCSwiftPackageProductDependency section */
		0AF363062AB296F5003102C4 /* FirebaseAnalytics */ = {
			isa = XCSwiftPackageProductDependency;
			package = 0AF363052AB296F5003102C4 /* XCRemoteSwiftPackageReference "firebase-ios-sdk" */;
			productName = FirebaseAnalytics;
		};
		0AF363082AB296F5003102C4 /* FirebaseAnalyticsOnDeviceConversion */ = {
			isa = XCSwiftPackageProductDependency;
			package = 0AF363052AB296F5003102C4 /* XCRemoteSwiftPackageReference "firebase-ios-sdk" */;
			productName = FirebaseAnalyticsOnDeviceConversion;
		};
		0AF3630A2AB296F5003102C4 /* FirebaseAnalyticsSwift */ = {
			isa = XCSwiftPackageProductDependency;
			package = 0AF363052AB296F5003102C4 /* XCRemoteSwiftPackageReference "firebase-ios-sdk" */;
			productName = FirebaseAnalyticsSwift;
		};
		0AF3630C2AB296F5003102C4 /* FirebaseAnalyticsWithoutAdIdSupport */ = {
			isa = XCSwiftPackageProductDependency;
			package = 0AF363052AB296F5003102C4 /* XCRemoteSwiftPackageReference "firebase-ios-sdk" */;
			productName = FirebaseAnalyticsWithoutAdIdSupport;
		};
		0AF3630E2AB296F5003102C4 /* FirebaseAppCheck */ = {
			isa = XCSwiftPackageProductDependency;
			package = 0AF363052AB296F5003102C4 /* XCRemoteSwiftPackageReference "firebase-ios-sdk" */;
			productName = FirebaseAppCheck;
		};
		0AF363102AB296F5003102C4 /* FirebaseAppDistribution-Beta */ = {
			isa = XCSwiftPackageProductDependency;
			package = 0AF363052AB296F5003102C4 /* XCRemoteSwiftPackageReference "firebase-ios-sdk" */;
			productName = "FirebaseAppDistribution-Beta";
		};
		0AF363122AB296F5003102C4 /* FirebaseAuth */ = {
			isa = XCSwiftPackageProductDependency;
			package = 0AF363052AB296F5003102C4 /* XCRemoteSwiftPackageReference "firebase-ios-sdk" */;
			productName = FirebaseAuth;
		};
/* End XCSwiftPackageProductDependency section */
	};
	rootObject = 0AF362EA2AB295D2003102C4 /* Project object */;
}
